
Microsoft Visual Studio Solution File, Format Version 12.00
# Visual Studio 15
VisualStudioVersion = 15.0.28307.705
MinimumVisualStudioVersion = 10.0.40219.1
Project("{9A19103F-16F7-4668-BE54-9A1E7A4F7556}") = "Lab1RhombusOfStars", "Lab1RhombusOfStars\Lab1RhombusOfStars.csproj", "{AF8D9D64-47E0-4149-8776-41EFF3607673}"
EndProject
Project("{9A19103F-16F7-4668-BE54-9A1E7A4F7556}") = "Lab2PointInRectangle", "Lab2PointInRectangle\Lab2PointInRectangle.csproj", "{ABB6F9BD-A0D7-44FA-8166-AB53DB804418}"
EndProject
Project("{FAE04EC0-301F-11D3-BF4B-00C04F79EFBC}") = "Lab4HotelReservation", "Lab4HotelReservation\Lab4HotelReservation.csproj", "{67D82441-218D-4B8C-913D-FE0D7DF9F99F}"
EndProject
Global
	GlobalSection(SolutionConfigurationPlatforms) = preSolution
		Debug|Any CPU = Debug|Any CPU
		Release|Any CPU = Release|Any CPU
	EndGlobalSection
	GlobalSection(ProjectConfigurationPlatforms) = postSolution
		{AF8D9D64-47E0-4149-8776-41EFF3607673}.Debug|Any CPU.ActiveCfg = Debug|Any CPU
		{AF8D9D64-47E0-4149-8776-41EFF3607673}.Debug|Any CPU.Build.0 = Debug|Any CPU
		{AF8D9D64-47E0-4149-8776-41EFF3607673}.Release|Any CPU.ActiveCfg = Release|Any CPU
		{AF8D9D64-47E0-4149-8776-41EFF3607673}.Release|Any CPU.Build.0 = Release|Any CPU
		{ABB6F9BD-A0D7-44FA-8166-AB53DB804418}.Debug|Any CPU.ActiveCfg = Debug|Any CPU
		{ABB6F9BD-A0D7-44FA-8166-AB53DB804418}.Debug|Any CPU.Build.0 = Debug|Any CPU
		{ABB6F9BD-A0D7-44FA-8166-AB53DB804418}.Release|Any CPU.ActiveCfg = Release|Any CPU
		{ABB6F9BD-A0D7-44FA-8166-AB53DB804418}.Release|Any CPU.Build.0 = Release|Any CPU
		{67D82441-218D-4B8C-913D-FE0D7DF9F99F}.Debug|Any CPU.ActiveCfg = Debug|Any CPU
		{67D82441-218D-4B8C-913D-FE0D7DF9F99F}.Debug|Any CPU.Build.0 = Debug|Any CPU
		{67D82441-218D-4B8C-913D-FE0D7DF9F99F}.Release|Any CPU.ActiveCfg = Release|Any CPU
		{67D82441-218D-4B8C-913D-FE0D7DF9F99F}.Release|Any CPU.Build.0 = Release|Any CPU
	EndGlobalSection
	GlobalSection(SolutionProperties) = preSolution
		HideSolutionNode = FALSE
	EndGlobalSection
	GlobalSection(ExtensibilityGlobals) = postSolution
		SolutionGuid = {DE100761-9D3F-43D4-9B76-89BB3867FAE2}
	EndGlobalSection
EndGlobal
